lockfileVersion: '6.0'

dependencies:
  antlr4:
    specifier: 4.12.0
    version: 4.12.0

devDependencies:
  bufx:
    specifier: ^1.0.5
    version: 1.0.5
  get-stdin:
    specifier: ^9.0.0
    version: 9.0.0

packages:

  /antlr4@4.12.0:
    resolution: {integrity: sha512-23iB5IzXJZRZeK9TigzUyrNc9pSmNqAerJRBcNq1ETrmttMWRgaYZzC561IgEO3ygKsDJTYDTozABXa4b/fTQQ==}
    engines: {node: '>=16'}
    dev: false

  /argparse@1.0.10:
    resolution: {integrity: sha512-o5Roy6tNG4SL/FOkCAN6RzjiakZS25RLYFrcMttJqbdd8BWrnA+fGz57iN5Pb06pvBGvl5gQ0B48dJlslXvoTg==}
    dependencies:
      sprintf-js: 1.0.3
    dev: true

  /bufx@1.0.5:
    resolution: {integrity: sha512-AzOd+vXDVhRAIR4k0ZopOLef+XjqLU6h3buAqVXTUrZ5IYWmoPqLtIoITeye174Uq5qiDS+83Rx9U9ItXgNE+A==}
    dependencies:
      js-yaml: 3.14.1
      prettier: 2.8.8
      ramda: 0.27.2
      strip-bom: 4.0.0
    dev: true

  /esprima@4.0.1:
    resolution: {integrity: sha512-eGuFFw7Upda+g4p+QHvnW0RyTX/SVeJBDM/gCtMARO0cLuT2HcEKnTPvhjV6aGeqrCB/sbNop0Kszm0jsaWU4A==}
    engines: {node: '>=4'}
    hasBin: true
    dev: true

  /get-stdin@9.0.0:
    resolution: {integrity: sha512-dVKBjfWisLAicarI2Sf+JuBE/DghV4UzNAVe9yhEJuzeREd3JhOTE9cUaJTeSa77fsbQUK3pcOpJfM59+VKZaA==}
    engines: {node: '>=12'}
    dev: true

  /js-yaml@3.14.1:
    resolution: {integrity: sha512-okMH7OXXJ7YrN9Ok3/SXrnu4iX9yOk+25nqX4imS2npuvTYDmo/QEZoqwZkYaIDk3jVvBOTOIEgEhaLOynBS9g==}
    hasBin: true
    dependencies:
      argparse: 1.0.10
      esprima: 4.0.1
    dev: true

  /prettier@2.8.8:
    resolution: {integrity: sha512-tdN8qQGvNjw4CHbY+XXk0JgCXn9QiF21a55rBe5LJAU+kDyC4WQn4+awm2Xfk2lQMk5fKup9XgzTZtGkjBdP9Q==}
    engines: {node: '>=10.13.0'}
    hasBin: true
    dev: true

  /ramda@0.27.2:
    resolution: {integrity: sha512-SbiLPU40JuJniHexQSAgad32hfwd+DRUdwF2PlVuI5RZD0/vahUco7R8vD86J/tcEKKF9vZrUVwgtmGCqlCKyA==}
    dev: true

  /sprintf-js@1.0.3:
    resolution: {integrity: sha512-D9cPgkvLlV3t3IzL0D0YLvGA9Ahk4PcvVwUbN0dSGr1aP0Nrt4AEnTUbuGvquEC0mA64Gqt1fzirlRs5ibXx8g==}
    dev: true

  /strip-bom@4.0.0:
    resolution: {integrity: sha512-3xurFv5tEgii33Zi8Jtp55wEIILR9eh34FAW00PZf+JnSsTmV/ioewSgQl97JHvgjoRGwPShsWm+IdrxB35d0w==}
    engines: {node: '>=8'}
    dev: true
